{
  "nodes": {
    "astrocore": {
      "flake": false,
      "locked": {
        "lastModified": 1720548327,
        "narHash": "sha256-KHMgOUeURe1bA+gntcKArfOWewuk7IRluGAHaWQzfyQ=",
        "owner": "AstroNvim",
        "repo": "astrocore",
        "rev": "5235872f1eb25aa9126f2bd75bb83016b7b026c2",
        "type": "github"
      },
      "original": {
        "owner": "AstroNvim",
        "repo": "astrocore",
        "type": "github"
      }
    },
    "astrolsp": {
      "flake": false,
      "locked": {
        "lastModified": 1719821572,
        "narHash": "sha256-O9/sYTxNBXnLCWN2AqGsqIF7d4Nga5dd1Pj5gts14SU=",
        "owner": "AstroNvim",
        "repo": "astrolsp",
        "rev": "347a2829fd98feaa913ef8c552b5a2b990739ce0",
        "type": "github"
      },
      "original": {
        "owner": "AstroNvim",
        "repo": "astrolsp",
        "type": "github"
      }
    },
    "astroui": {
      "flake": false,
      "locked": {
        "lastModified": 1720472358,
        "narHash": "sha256-0I/TILvFq2rIJ2/ukdPf13jxpAZdqGcYg4vUVEcQBbw=",
        "owner": "AstroNvim",
        "repo": "astroui",
        "rev": "d958ad0f9d9d198e6f0f108e14e2474e48ce1204",
        "type": "github"
      },
      "original": {
        "owner": "AstroNvim",
        "repo": "astroui",
        "type": "github"
      }
    },
    "catppuccin-nvim": {
      "flake": false,
      "locked": {
        "lastModified": 1720431611,
        "narHash": "sha256-QRfvEG0z6v+qnUAsvIZf2QGtzHPKniJapooKoOmNGas=",
        "owner": "catppuccin",
        "repo": "nvim",
        "rev": "2d3419c2aead379b7d1854d32458f20ffaa58562",
        "type": "github"
      },
      "original": {
        "owner": "catppuccin",
        "repo": "nvim",
        "type": "github"
      }
    },
    "flake-compat": {
      "flake": false,
      "locked": {
        "lastModified": 1696426674,
        "narHash": "sha256-kvjfFW7WAETZlt09AgDn1MrtKzP7t90Vf7vypd3OL1U=",
        "owner": "edolstra",
        "repo": "flake-compat",
        "rev": "0f9255e01c2351cc7d116c072cb317785dd33b33",
        "type": "github"
      },
      "original": {
        "owner": "edolstra",
        "repo": "flake-compat",
        "type": "github"
      }
    },
    "flake-parts": {
      "inputs": {
        "nixpkgs-lib": "nixpkgs-lib"
      },
      "locked": {
        "lastModified": 1719994518,
        "narHash": "sha256-pQMhCCHyQGRzdfAkdJ4cIWiw+JNuWsTX7f0ZYSyz0VY=",
        "owner": "hercules-ci",
        "repo": "flake-parts",
        "rev": "9227223f6d922fee3c7b190b2cc238a99527bbb7",
        "type": "github"
      },
      "original": {
        "owner": "hercules-ci",
        "repo": "flake-parts",
        "type": "github"
      }
    },
    "flake-parts_2": {
      "inputs": {
        "nixpkgs-lib": [
          "neovim-nightly",
          "hercules-ci-effects",
          "nixpkgs"
        ]
      },
      "locked": {
        "lastModified": 1712014858,
        "narHash": "sha256-sB4SWl2lX95bExY2gMFG5HIzvva5AVMJd4Igm+GpZNw=",
        "owner": "hercules-ci",
        "repo": "flake-parts",
        "rev": "9126214d0a59633752a136528f5f3b9aa8565b7d",
        "type": "github"
      },
      "original": {
        "id": "flake-parts",
        "type": "indirect"
      }
    },
    "flake-root": {
      "locked": {
        "lastModified": 1713493429,
        "narHash": "sha256-ztz8JQkI08tjKnsTpfLqzWoKFQF4JGu2LRz8bkdnYUk=",
        "owner": "srid",
        "repo": "flake-root",
        "rev": "bc748b93b86ee76e2032eecda33440ceb2532fcd",
        "type": "github"
      },
      "original": {
        "owner": "srid",
        "repo": "flake-root",
        "type": "github"
      }
    },
    "git-hooks": {
      "inputs": {
        "flake-compat": [
          "flake-compat"
        ],
        "gitignore": "gitignore",
        "nixpkgs": [
          "nixpkgs"
        ],
        "nixpkgs-stable": [
          "nixpkgs"
        ]
      },
      "locked": {
        "lastModified": 1720524665,
        "narHash": "sha256-ni/87oHPZm6Gv0ECYxr1f6uxB0UKBWJ6HvS7lwLU6oY=",
        "owner": "cachix",
        "repo": "git-hooks.nix",
        "rev": "8d6a17d0cdf411c55f12602624df6368ad86fac1",
        "type": "github"
      },
      "original": {
        "owner": "cachix",
        "repo": "git-hooks.nix",
        "type": "github"
      }
    },
    "gitignore": {
      "inputs": {
        "nixpkgs": [
          "git-hooks",
          "nixpkgs"
        ]
      },
      "locked": {
        "lastModified": 1709087332,
        "narHash": "sha256-HG2cCnktfHsKV0s4XW83gU3F57gaTljL9KNSuG6bnQs=",
        "owner": "hercules-ci",
        "repo": "gitignore.nix",
        "rev": "637db329424fd7e46cf4185293b9cc8c88c95394",
        "type": "github"
      },
      "original": {
        "owner": "hercules-ci",
        "repo": "gitignore.nix",
        "type": "github"
      }
    },
    "hercules-ci-effects": {
      "inputs": {
        "flake-parts": "flake-parts_2",
        "nixpkgs": [
          "neovim-nightly",
          "nixpkgs"
        ]
      },
      "locked": {
        "lastModified": 1719226092,
        "narHash": "sha256-YNkUMcCUCpnULp40g+svYsaH1RbSEj6s4WdZY/SHe38=",
        "owner": "hercules-ci",
        "repo": "hercules-ci-effects",
        "rev": "11e4b8dc112e2f485d7c97e1cee77f9958f498f5",
        "type": "github"
      },
      "original": {
        "owner": "hercules-ci",
        "repo": "hercules-ci-effects",
        "type": "github"
      }
    },
    "luvit-meta": {
      "flake": false,
      "locked": {
        "lastModified": 1705776742,
        "narHash": "sha256-zAAptV/oLuLAAsa2zSB/6fxlElk4+jNZd/cPr9oxFig=",
        "owner": "Bilal2453",
        "repo": "luvit-meta",
        "rev": "ce76f6f6cdc9201523a5875a4471dcfe0186eb60",
        "type": "github"
      },
      "original": {
        "owner": "Bilal2453",
        "repo": "luvit-meta",
        "type": "github"
      }
    },
    "mini-ai": {
      "flake": false,
      "locked": {
        "lastModified": 1719822499,
        "narHash": "sha256-+jiFgzQOmW/zgS/mZXhKIwnoxGVV/ANccMIisVWmg3g=",
        "owner": "echasnovski",
        "repo": "mini.ai",
        "rev": "45587078f323eaf41b9f701bbc04f8d1ab008979",
        "type": "github"
      },
      "original": {
        "owner": "echasnovski",
        "repo": "mini.ai",
        "type": "github"
      }
    },
    "mini-bufremove": {
      "flake": false,
      "locked": {
        "lastModified": 1719822500,
        "narHash": "sha256-tYE7ib/F3emDxHaeEW/k/P31/gKknLsw63H9T5yAEEo=",
        "owner": "echasnovski",
        "repo": "mini.bufremove",
        "rev": "1ee294a97e091d3cf967974df622c0d887890dc2",
        "type": "github"
      },
      "original": {
        "owner": "echasnovski",
        "repo": "mini.bufremove",
        "type": "github"
      }
    },
    "mini-surround": {
      "flake": false,
      "locked": {
        "lastModified": 1720523394,
        "narHash": "sha256-fUHNxPXTQ2psGloIZBcGEbdajrXROVXyuepPxKh6/lk=",
        "owner": "echasnovski",
        "repo": "mini.surround",
        "rev": "28e2821bcccf4a1891d0ad2e49a056602ca03929",
        "type": "github"
      },
      "original": {
        "owner": "echasnovski",
        "repo": "mini.surround",
        "type": "github"
      }
    },
    "neovim-nightly": {
      "inputs": {
        "flake-compat": [
          "flake-compat"
        ],
        "flake-parts": [
          "flake-parts"
        ],
        "git-hooks": [
          "git-hooks"
        ],
        "hercules-ci-effects": "hercules-ci-effects",
        "neovim-src": "neovim-src",
        "nixpkgs": [
          "nixpkgs"
        ]
      },
      "locked": {
        "lastModified": 1720592831,
        "narHash": "sha256-x+g48Jl5De2oOfFazKbEP8IabXaeAKmF3JLcQyADYvE=",
        "owner": "nix-community",
        "repo": "neovim-nightly-overlay",
        "rev": "ec4631892b2515261158b1b12900758a9eb5a660",
        "type": "github"
      },
      "original": {
        "owner": "nix-community",
        "repo": "neovim-nightly-overlay",
        "type": "github"
      }
    },
    "neovim-src": {
      "flake": false,
      "locked": {
        "lastModified": 1720555545,
        "narHash": "sha256-1rWj8M6J/pd4NtNJlnucdteZ+YzSIA5YJVdk/T2ssfo=",
        "owner": "neovim",
        "repo": "neovim",
        "rev": "f3c7fb9db176f32606e83eb47cc7549300191d2f",
        "type": "github"
      },
      "original": {
        "owner": "neovim",
        "repo": "neovim",
        "type": "github"
      }
    },
    "nixpkgs": {
      "locked": {
        "lastModified": 1720418205,
        "narHash": "sha256-cPJoFPXU44GlhWg4pUk9oUPqurPlCFZ11ZQPk21GTPU=",
        "owner": "NixOS",
        "repo": "nixpkgs",
        "rev": "655a58a72a6601292512670343087c2d75d859c1",
        "type": "github"
      },
      "original": {
        "owner": "NixOS",
        "ref": "nixos-unstable",
        "repo": "nixpkgs",
        "type": "github"
      }
    },
    "nixpkgs-lib": {
      "locked": {
        "lastModified": 1719876945,
        "narHash": "sha256-Fm2rDDs86sHy0/1jxTOKB1118Q0O3Uc7EC0iXvXKpbI=",
        "type": "tarball",
        "url": "https://github.com/NixOS/nixpkgs/archive/5daf0514482af3f97abaefc78a6606365c9108e2.tar.gz"
      },
      "original": {
        "type": "tarball",
        "url": "https://github.com/NixOS/nixpkgs/archive/5daf0514482af3f97abaefc78a6606365c9108e2.tar.gz"
      }
    },
    "resession-nvim": {
      "flake": false,
      "locked": {
        "lastModified": 1719857809,
        "narHash": "sha256-Id7rJwxvH81TnBKHAsPuP8nmu7SS6b5PiLoE2UzeRX0=",
        "owner": "stevearc",
        "repo": "resession.nvim",
        "rev": "e087ebeef81df25a12fcc4ec067ca73e2bb54c4a",
        "type": "github"
      },
      "original": {
        "owner": "stevearc",
        "repo": "resession.nvim",
        "type": "github"
      }
    },
    "root": {
      "inputs": {
        "astrocore": "astrocore",
        "astrolsp": "astrolsp",
        "astroui": "astroui",
        "catppuccin-nvim": "catppuccin-nvim",
        "flake-compat": "flake-compat",
        "flake-parts": "flake-parts",
        "flake-root": "flake-root",
        "git-hooks": "git-hooks",
        "luvit-meta": "luvit-meta",
        "mini-ai": "mini-ai",
        "mini-bufremove": "mini-bufremove",
        "mini-surround": "mini-surround",
        "neovim-nightly": "neovim-nightly",
        "nixpkgs": "nixpkgs",
        "resession-nvim": "resession-nvim",
        "treefmt-nix": "treefmt-nix"
      }
    },
    "treefmt-nix": {
      "inputs": {
        "nixpkgs": [
          "nixpkgs"
        ]
      },
      "locked": {
        "lastModified": 1720507012,
        "narHash": "sha256-QIeZ43t9IVB4dLsFaWh2f4C7JSRfK7p+Y1U9dULsLXU=",
        "owner": "numtide",
        "repo": "treefmt-nix",
        "rev": "8b63fe8cf7892c59b3df27cbcab4d5644035d72f",
        "type": "github"
      },
      "original": {
        "owner": "numtide",
        "repo": "treefmt-nix",
        "type": "github"
      }
    }
  },
  "root": "root",
  "version": 7
}
