{
  "nodes": {
    "astrocore": {
      "flake": false,
      "locked": {
        "lastModified": 1721661458,
        "narHash": "sha256-GGWN4FJErE2u2TjqaWbMR/tu6Hab7Ee2SkwmiW4q9co=",
        "owner": "AstroNvim",
        "repo": "astrocore",
        "rev": "5481cc3292fddc2ddd1010698071ed6ee526cfbb",
        "type": "github"
      },
      "original": {
        "owner": "AstroNvim",
        "repo": "astrocore",
        "type": "github"
      }
    },
    "astrolsp": {
      "flake": false,
      "locked": {
        "lastModified": 1721927162,
        "narHash": "sha256-JFYArwqox9SzX4Vp4HU3BUPOcylm19d/LFrQ1zotO04=",
        "owner": "AstroNvim",
        "repo": "astrolsp",
        "rev": "10ca6399694baca87982eafb0871b386fa33cf80",
        "type": "github"
      },
      "original": {
        "owner": "AstroNvim",
        "repo": "astrolsp",
        "type": "github"
      }
    },
    "astroui": {
      "flake": false,
      "locked": {
        "lastModified": 1721661669,
        "narHash": "sha256-NdrJqjl4NdOiUA8i3c7dhw6DPnEZsdv+GzQ43vE5KxM=",
        "owner": "AstroNvim",
        "repo": "astroui",
        "rev": "a53e88632443ff99cce16119531664f1779dabcd",
        "type": "github"
      },
      "original": {
        "owner": "AstroNvim",
        "repo": "astroui",
        "type": "github"
      }
    },
    "catppuccin-nvim": {
      "flake": false,
      "locked": {
        "lastModified": 1721913146,
        "narHash": "sha256-427KWyL1PpMXMYHMUEY8c/bBOicllLMPq9ajXy4hVMc=",
        "owner": "catppuccin",
        "repo": "nvim",
        "rev": "10eda02ea4faa7d1f94e77a3410a4ae91c25c5f5",
        "type": "github"
      },
      "original": {
        "owner": "catppuccin",
        "repo": "nvim",
        "type": "github"
      }
    },
    "flake-compat": {
      "flake": false,
      "locked": {
        "lastModified": 1696426674,
        "narHash": "sha256-kvjfFW7WAETZlt09AgDn1MrtKzP7t90Vf7vypd3OL1U=",
        "owner": "edolstra",
        "repo": "flake-compat",
        "rev": "0f9255e01c2351cc7d116c072cb317785dd33b33",
        "type": "github"
      },
      "original": {
        "owner": "edolstra",
        "repo": "flake-compat",
        "type": "github"
      }
    },
    "flake-parts": {
      "inputs": {
        "nixpkgs-lib": "nixpkgs-lib"
      },
      "locked": {
        "lastModified": 1719994518,
        "narHash": "sha256-pQMhCCHyQGRzdfAkdJ4cIWiw+JNuWsTX7f0ZYSyz0VY=",
        "owner": "hercules-ci",
        "repo": "flake-parts",
        "rev": "9227223f6d922fee3c7b190b2cc238a99527bbb7",
        "type": "github"
      },
      "original": {
        "owner": "hercules-ci",
        "repo": "flake-parts",
        "type": "github"
      }
    },
    "flake-parts_2": {
      "inputs": {
        "nixpkgs-lib": [
          "neovim-nightly",
          "hercules-ci-effects",
          "nixpkgs"
        ]
      },
      "locked": {
        "lastModified": 1712014858,
        "narHash": "sha256-sB4SWl2lX95bExY2gMFG5HIzvva5AVMJd4Igm+GpZNw=",
        "owner": "hercules-ci",
        "repo": "flake-parts",
        "rev": "9126214d0a59633752a136528f5f3b9aa8565b7d",
        "type": "github"
      },
      "original": {
        "id": "flake-parts",
        "type": "indirect"
      }
    },
    "flake-root": {
      "locked": {
        "lastModified": 1713493429,
        "narHash": "sha256-ztz8JQkI08tjKnsTpfLqzWoKFQF4JGu2LRz8bkdnYUk=",
        "owner": "srid",
        "repo": "flake-root",
        "rev": "bc748b93b86ee76e2032eecda33440ceb2532fcd",
        "type": "github"
      },
      "original": {
        "owner": "srid",
        "repo": "flake-root",
        "type": "github"
      }
    },
    "git-hooks": {
      "inputs": {
        "flake-compat": [
          "flake-compat"
        ],
        "gitignore": "gitignore",
        "nixpkgs": [
          "nixpkgs"
        ],
        "nixpkgs-stable": [
          "nixpkgs"
        ]
      },
      "locked": {
        "lastModified": 1721042469,
        "narHash": "sha256-6FPUl7HVtvRHCCBQne7Ylp4p+dpP3P/OYuzjztZ4s70=",
        "owner": "cachix",
        "repo": "git-hooks.nix",
        "rev": "f451c19376071a90d8c58ab1a953c6e9840527fd",
        "type": "github"
      },
      "original": {
        "owner": "cachix",
        "repo": "git-hooks.nix",
        "type": "github"
      }
    },
    "gitignore": {
      "inputs": {
        "nixpkgs": [
          "git-hooks",
          "nixpkgs"
        ]
      },
      "locked": {
        "lastModified": 1709087332,
        "narHash": "sha256-HG2cCnktfHsKV0s4XW83gU3F57gaTljL9KNSuG6bnQs=",
        "owner": "hercules-ci",
        "repo": "gitignore.nix",
        "rev": "637db329424fd7e46cf4185293b9cc8c88c95394",
        "type": "github"
      },
      "original": {
        "owner": "hercules-ci",
        "repo": "gitignore.nix",
        "type": "github"
      }
    },
    "hercules-ci-effects": {
      "inputs": {
        "flake-parts": "flake-parts_2",
        "nixpkgs": [
          "neovim-nightly",
          "nixpkgs"
        ]
      },
      "locked": {
        "lastModified": 1719226092,
        "narHash": "sha256-YNkUMcCUCpnULp40g+svYsaH1RbSEj6s4WdZY/SHe38=",
        "owner": "hercules-ci",
        "repo": "hercules-ci-effects",
        "rev": "11e4b8dc112e2f485d7c97e1cee77f9958f498f5",
        "type": "github"
      },
      "original": {
        "owner": "hercules-ci",
        "repo": "hercules-ci-effects",
        "type": "github"
      }
    },
    "luvit-meta": {
      "flake": false,
      "locked": {
        "lastModified": 1705776742,
        "narHash": "sha256-zAAptV/oLuLAAsa2zSB/6fxlElk4+jNZd/cPr9oxFig=",
        "owner": "Bilal2453",
        "repo": "luvit-meta",
        "rev": "ce76f6f6cdc9201523a5875a4471dcfe0186eb60",
        "type": "github"
      },
      "original": {
        "owner": "Bilal2453",
        "repo": "luvit-meta",
        "type": "github"
      }
    },
    "mini-ai": {
      "flake": false,
      "locked": {
        "lastModified": 1719822499,
        "narHash": "sha256-+jiFgzQOmW/zgS/mZXhKIwnoxGVV/ANccMIisVWmg3g=",
        "owner": "echasnovski",
        "repo": "mini.ai",
        "rev": "45587078f323eaf41b9f701bbc04f8d1ab008979",
        "type": "github"
      },
      "original": {
        "owner": "echasnovski",
        "repo": "mini.ai",
        "type": "github"
      }
    },
    "mini-bufremove": {
      "flake": false,
      "locked": {
        "lastModified": 1719822500,
        "narHash": "sha256-tYE7ib/F3emDxHaeEW/k/P31/gKknLsw63H9T5yAEEo=",
        "owner": "echasnovski",
        "repo": "mini.bufremove",
        "rev": "1ee294a97e091d3cf967974df622c0d887890dc2",
        "type": "github"
      },
      "original": {
        "owner": "echasnovski",
        "repo": "mini.bufremove",
        "type": "github"
      }
    },
    "mini-surround": {
      "flake": false,
      "locked": {
        "lastModified": 1720876832,
        "narHash": "sha256-XjF+F88wCom/ZLdosAFhdj8G+ECeqQvB8bk+k70TjHc=",
        "owner": "echasnovski",
        "repo": "mini.surround",
        "rev": "57caca9525cec0ea771a67326b0ee637d056078a",
        "type": "github"
      },
      "original": {
        "owner": "echasnovski",
        "repo": "mini.surround",
        "type": "github"
      }
    },
    "neovim-nightly": {
      "inputs": {
        "flake-compat": [
          "flake-compat"
        ],
        "flake-parts": [
          "flake-parts"
        ],
        "git-hooks": [
          "git-hooks"
        ],
        "hercules-ci-effects": "hercules-ci-effects",
        "neovim-src": "neovim-src",
        "nixpkgs": [
          "nixpkgs"
        ]
      },
      "locked": {
        "lastModified": 1722405787,
        "narHash": "sha256-2ZFQkEbbb4HQv5cyNEq6vaUBY4nDDc9s2MK7L/V2Uy8=",
        "owner": "nix-community",
        "repo": "neovim-nightly-overlay",
        "rev": "7f86584a78811a9f9a74ca3912523353aad5b341",
        "type": "github"
      },
      "original": {
        "owner": "nix-community",
        "repo": "neovim-nightly-overlay",
        "type": "github"
      }
    },
    "neovim-src": {
      "flake": false,
      "locked": {
        "lastModified": 1722378115,
        "narHash": "sha256-JRzQtoNYKBwy9KYMv+jS06OQ6Pmk37EctdfNiSbJIXI=",
        "owner": "neovim",
        "repo": "neovim",
        "rev": "63cd2adf3d27436dbaf6a8eda72608d3009ccd3c",
        "type": "github"
      },
      "original": {
        "owner": "neovim",
        "repo": "neovim",
        "type": "github"
      }
    },
    "nixpkgs": {
      "locked": {
        "lastModified": 1722185531,
        "narHash": "sha256-veKR07psFoJjINLC8RK4DiLniGGMgF3QMlS4tb74S6k=",
        "owner": "NixOS",
        "repo": "nixpkgs",
        "rev": "52ec9ac3b12395ad677e8b62106f0b98c1f8569d",
        "type": "github"
      },
      "original": {
        "owner": "NixOS",
        "ref": "nixos-unstable",
        "repo": "nixpkgs",
        "type": "github"
      }
    },
    "nixpkgs-lib": {
      "locked": {
        "lastModified": 1719876945,
        "narHash": "sha256-Fm2rDDs86sHy0/1jxTOKB1118Q0O3Uc7EC0iXvXKpbI=",
        "type": "tarball",
        "url": "https://github.com/NixOS/nixpkgs/archive/5daf0514482af3f97abaefc78a6606365c9108e2.tar.gz"
      },
      "original": {
        "type": "tarball",
        "url": "https://github.com/NixOS/nixpkgs/archive/5daf0514482af3f97abaefc78a6606365c9108e2.tar.gz"
      }
    },
    "resession-nvim": {
      "flake": false,
      "locked": {
        "lastModified": 1719857809,
        "narHash": "sha256-Id7rJwxvH81TnBKHAsPuP8nmu7SS6b5PiLoE2UzeRX0=",
        "owner": "stevearc",
        "repo": "resession.nvim",
        "rev": "e087ebeef81df25a12fcc4ec067ca73e2bb54c4a",
        "type": "github"
      },
      "original": {
        "owner": "stevearc",
        "repo": "resession.nvim",
        "type": "github"
      }
    },
    "root": {
      "inputs": {
        "astrocore": "astrocore",
        "astrolsp": "astrolsp",
        "astroui": "astroui",
        "catppuccin-nvim": "catppuccin-nvim",
        "flake-compat": "flake-compat",
        "flake-parts": "flake-parts",
        "flake-root": "flake-root",
        "git-hooks": "git-hooks",
        "luvit-meta": "luvit-meta",
        "mini-ai": "mini-ai",
        "mini-bufremove": "mini-bufremove",
        "mini-surround": "mini-surround",
        "neovim-nightly": "neovim-nightly",
        "nixpkgs": "nixpkgs",
        "resession-nvim": "resession-nvim",
        "treefmt-nix": "treefmt-nix"
      }
    },
    "treefmt-nix": {
      "inputs": {
        "nixpkgs": [
          "nixpkgs"
        ]
      },
      "locked": {
        "lastModified": 1722330636,
        "narHash": "sha256-uru7JzOa33YlSRwf9sfXpJG+UAV+bnBEYMjrzKrQZFw=",
        "owner": "numtide",
        "repo": "treefmt-nix",
        "rev": "768acdb06968e53aa1ee8de207fd955335c754b7",
        "type": "github"
      },
      "original": {
        "owner": "numtide",
        "repo": "treefmt-nix",
        "type": "github"
      }
    }
  },
  "root": "root",
  "version": 7
}
